// !$*UTF8*$!
{
	archiveVersion = 1;
	classes = {
	};
	objectVersion = 56;
	objects = {

/* Begin PBXBuildFile section */
		A17862FF2AF93EA8001D5D56 /* LandmarksApp.swift in Sources */ = {isa = PBXBuildFile; fileRef = A17862FE2AF93EA8001D5D56 /* LandmarksApp.swift */; };
		A17863012AF93EA8001D5D56 /* ContentView.swift in Sources */ = {isa = PBXBuildFile; fileRef = A17863002AF93EA8001D5D56 /* ContentView.swift */; };
		A17863032AF93EA9001D5D56 /* Assets.xcassets in Resources */ = {isa = PBXBuildFile; fileRef = A17863022AF93EA9001D5D56 /* Assets.xcassets */; };
		A17863062AF93EA9001D5D56 /* Preview Assets.xcassets in Resources */ = {isa = PBXBuildFile; fileRef = A17863052AF93EA9001D5D56 /* Preview Assets.xcassets */; };
		A19312322AFA8E0B00E2CFB3 /* CircleImage.swift in Sources */ = {isa = PBXBuildFile; fileRef = A19312312AFA8E0B00E2CFB3 /* CircleImage.swift */; };
		A19312342AFA8F6500E2CFB3 /* MapView.swift in Sources */ = {isa = PBXBuildFile; fileRef = A19312332AFA8F6500E2CFB3 /* MapView.swift */; };
		A19312362AFA9A8C00E2CFB3 /* landmarkData.json in Resources */ = {isa = PBXBuildFile; fileRef = A19312352AFA9A8C00E2CFB3 /* landmarkData.json */; };
		A19312752AFAB2BD00E2CFB3 /* LandmarkRow.swift in Sources */ = {isa = PBXBuildFile; fileRef = A19312742AFAB2BD00E2CFB3 /* LandmarkRow.swift */; };
		A19312792AFAB48E00E2CFB3 /* LandmarkList.swift in Sources */ = {isa = PBXBuildFile; fileRef = A19312782AFAB48E00E2CFB3 /* LandmarkList.swift */; };
		A19312822AFABDD200E2CFB3 /* ModelData.swift in Sources */ = {isa = PBXBuildFile; fileRef = A19312802AFABDD200E2CFB3 /* ModelData.swift */; };
		A19312832AFABDD200E2CFB3 /* Landmark.swift in Sources */ = {isa = PBXBuildFile; fileRef = A19312812AFABDD200E2CFB3 /* Landmark.swift */; };
		A19312862AFABF8A00E2CFB3 /* LandmarkDetail.swift in Sources */ = {isa = PBXBuildFile; fileRef = A19312852AFABF8A00E2CFB3 /* LandmarkDetail.swift */; };
		A1A8111A2AFBF7F1001812A4 /* FavoriteButton.swift in Sources */ = {isa = PBXBuildFile; fileRef = A1A811192AFBF7F1001812A4 /* FavoriteButton.swift */; };
/* End PBXBuildFile section */

/* Begin PBXFileReference section */
		A17862FB2AF93EA8001D5D56 /* Landmarks.app */ = {isa = PBXFileReference; explicitFileType = wrapper.application; includeInIndex = 0; path = Landmarks.app; sourceTree = BUILT_PRODUCTS_DIR; };
		A17862FE2AF93EA8001D5D56 /* LandmarksApp.swift */ = {isa = PBXFileReference; lastKnownFileType = sourcecode.swift; path = LandmarksApp.swift; sourceTree = "<group>"; };
		A17863002AF93EA8001D5D56 /* ContentView.swift */ = {isa = PBXFileReference; lastKnownFileType = sourcecode.swift; path = ContentView.swift; sourceTree = "<group>"; };
		A17863022AF93EA9001D5D56 /* Assets.xcassets */ = {isa = PBXFileReference; lastKnownFileType = folder.assetcatalog; path = Assets.xcassets; sourceTree = "<group>"; };
		A17863052AF93EA9001D5D56 /* Preview Assets.xcassets */ = {isa = PBXFileReference; lastKnownFileType = folder.assetcatalog; path = "Preview Assets.xcassets"; sourceTree = "<group>"; };
		A178630F2AF93EA9001D5D56 /* LandmarksTests.swift */ = {isa = PBXFileReference; lastKnownFileType = sourcecode.swift; path = LandmarksTests.swift; sourceTree = "<group>"; };
		A17863192AF93EA9001D5D56 /* LandmarksUITests.swift */ = {isa = PBXFileReference; lastKnownFileType = sourcecode.swift; path = LandmarksUITests.swift; sourceTree = "<group>"; };
		A178631B2AF93EA9001D5D56 /* LandmarksUITestsLaunchTests.swift */ = {isa = PBXFileReference; lastKnownFileType = sourcecode.swift; path = LandmarksUITestsLaunchTests.swift; sourceTree = "<group>"; };
		A19312312AFA8E0B00E2CFB3 /* CircleImage.swift */ = {isa = PBXFileReference; lastKnownFileType = sourcecode.swift; path = CircleImage.swift; sourceTree = "<group>"; };
		A19312332AFA8F6500E2CFB3 /* MapView.swift */ = {isa = PBXFileReference; lastKnownFileType = sourcecode.swift; path = MapView.swift; sourceTree = "<group>"; };
		A19312352AFA9A8C00E2CFB3 /* landmarkData.json */ = {isa = PBXFileReference; fileEncoding = 4; lastKnownFileType = text.json; path = landmarkData.json; sourceTree = "<group>"; };
		A19312742AFAB2BD00E2CFB3 /* LandmarkRow.swift */ = {isa = PBXFileReference; lastKnownFileType = sourcecode.swift; path = LandmarkRow.swift; sourceTree = "<group>"; };
		A19312782AFAB48E00E2CFB3 /* LandmarkList.swift */ = {isa = PBXFileReference; lastKnownFileType = sourcecode.swift; path = LandmarkList.swift; sourceTree = "<group>"; };
		A19312802AFABDD200E2CFB3 /* ModelData.swift */ = {isa = PBXFileReference; fileEncoding = 4; lastKnownFileType = sourcecode.swift; path = ModelData.swift; sourceTree = "<group>"; };
		A19312812AFABDD200E2CFB3 /* Landmark.swift */ = {isa = PBXFileReference; fileEncoding = 4; lastKnownFileType = sourcecode.swift; path = Landmark.swift; sourceTree = "<group>"; };
		A19312852AFABF8A00E2CFB3 /* LandmarkDetail.swift */ = {isa = PBXFileReference; lastKnownFileType = sourcecode.swift; path = LandmarkDetail.swift; sourceTree = "<group>"; };
		A1A811192AFBF7F1001812A4 /* FavoriteButton.swift */ = {isa = PBXFileReference; lastKnownFileType = sourcecode.swift; path = FavoriteButton.swift; sourceTree = "<group>"; };
/* End PBXFileReference section */

/* Begin PBXFrameworksBuildPhase section */
		A17862F82AF93EA8001D5D56 /* Frameworks */ = {
			isa = PBXFrameworksBuildPhase;
			buildActionMask = 2147483647;
			files = (
			);
			runOnlyForDeploymentPostprocessing = 0;
		};
/* End PBXFrameworksBuildPhase section */

/* Begin PBXGroup section */
		A17862F22AF93EA8001D5D56 = {
			isa = PBXGroup;
			children = (
				A17862FD2AF93EA8001D5D56 /* Landmarks */,
				A178630E2AF93EA9001D5D56 /* LandmarksTests */,
				A17863182AF93EA9001D5D56 /* LandmarksUITests */,
				A17862FC2AF93EA8001D5D56 /* Products */,
			);
			sourceTree = "<group>";
		};
		A17862FC2AF93EA8001D5D56 /* Products */ = {
			isa = PBXGroup;
			children = (
				A17862FB2AF93EA8001D5D56 /* Landmarks.app */,
			);
			name = Products;
			sourceTree = "<group>";
		};
		A17862FD2AF93EA8001D5D56 /* Landmarks */ = {
			isa = PBXGroup;
			children = (
				A19312842AFABDF100E2CFB3 /* Models */,
				A19312712AFAB1CA00E2CFB3 /* Views */,
				A19312732AFAB25900E2CFB3 /* Resources */,
				A17862FE2AF93EA8001D5D56 /* LandmarksApp.swift */,
				A17863022AF93EA9001D5D56 /* Assets.xcassets */,
				A17863042AF93EA9001D5D56 /* Preview Content */,
			);
			path = Landmarks;
			sourceTree = "<group>";
		};
		A17863042AF93EA9001D5D56 /* Preview Content */ = {
			isa = PBXGroup;
			children = (
				A17863052AF93EA9001D5D56 /* Preview Assets.xcassets */,
			);
			path = "Preview Content";
			sourceTree = "<group>";
		};
		A178630E2AF93EA9001D5D56 /* LandmarksTests */ = {
			isa = PBXGroup;
			children = (
				A178630F2AF93EA9001D5D56 /* LandmarksTests.swift */,
			);
			path = LandmarksTests;
			sourceTree = "<group>";
		};
		A17863182AF93EA9001D5D56 /* LandmarksUITests */ = {
			isa = PBXGroup;
			children = (
				A17863192AF93EA9001D5D56 /* LandmarksUITests.swift */,
				A178631B2AF93EA9001D5D56 /* LandmarksUITestsLaunchTests.swift */,
			);
			path = LandmarksUITests;
			sourceTree = "<group>";
		};
		A19312712AFAB1CA00E2CFB3 /* Views */ = {
			isa = PBXGroup;
			children = (
				A17863002AF93EA8001D5D56 /* ContentView.swift */,
				A19312312AFA8E0B00E2CFB3 /* CircleImage.swift */,
				A19312332AFA8F6500E2CFB3 /* MapView.swift */,
				A19312742AFAB2BD00E2CFB3 /* LandmarkRow.swift */,
				A19312782AFAB48E00E2CFB3 /* LandmarkList.swift */,
				A19312852AFABF8A00E2CFB3 /* LandmarkDetail.swift */,
				A1A811192AFBF7F1001812A4 /* FavoriteButton.swift */,
			);
			path = Views;
			sourceTree = "<group>";
		};
		A19312732AFAB25900E2CFB3 /* Resources */ = {
			isa = PBXGroup;
			children = (
				A19312352AFA9A8C00E2CFB3 /* landmarkData.json */,
			);
			path = Resources;
			sourceTree = "<group>";
		};
		A19312842AFABDF100E2CFB3 /* Models */ = {
			isa = PBXGroup;
			children = (
				A19312812AFABDD200E2CFB3 /* Landmark.swift */,
				A19312802AFABDD200E2CFB3 /* ModelData.swift */,
			);
			path = Models;
			sourceTree = "<group>";
		};
/* End PBXGroup section */

/* Begin PBXNativeTarget section */
		A17862FA2AF93EA8001D5D56 /* Landmarks */ = {
			isa = PBXNativeTarget;
			buildConfigurationList = A178631F2AF93EA9001D5D56 /* Build configuration list for PBXNativeTarget "Landmarks" */;
			buildPhases = (
				A17862F72AF93EA8001D5D56 /* Sources */,
				A17862F82AF93EA8001D5D56 /* Frameworks */,
				A17862F92AF93EA8001D5D56 /* Resources */,
			);
			buildRules = (
			);
			dependencies = (
			);
			name = Landmarks;
			productName = Landmarks;
			productReference = A17862FB2AF93EA8001D5D56 /* Landmarks.app */;
			productType = "com.apple.product-type.application";
		};
/* End PBXNativeTarget section */

/* Begin PBXProject section */
		A17862F32AF93EA8001D5D56 /* Project object */ = {
			isa = PBXProject;
			attributes = {
				BuildIndependentTargetsInParallel = 1;
				LastSwiftUpdateCheck = 1500;
				LastUpgradeCheck = 1500;
				TargetAttributes = {
					A17862FA2AF93EA8001D5D56 = {
						CreatedOnToolsVersion = 15.0.1;
					};
				};
			};
			buildConfigurationList = A17862F62AF93EA8001D5D56 /* Build configuration list for PBXProject "Landmarks" */;
			compatibilityVersion = "Xcode 14.0";
			developmentRegion = en;
			hasScannedForEncodings = 0;
			knownRegions = (
				en,
				Base,
			);
			mainGroup = A17862F22AF93EA8001D5D56;
			productRefGroup = A17862FC2AF93EA8001D5D56 /* Products */;
			projectDirPath = "";
			projectRoot = "";
			targets = (
				A17862FA2AF93EA8001D5D56 /* Landmarks */,
			);
		};
/* End PBXProject section */

/* Begin PBXResourcesBuildPhase section */
		A17862F92AF93EA8001D5D56 /* Resources */ = {
			isa = PBXResourcesBuildPhase;
			buildActionMask = 2147483647;
			files = (
				A17863062AF93EA9001D5D56 /* Preview Assets.xcassets in Resources */,
				A17863032AF93EA9001D5D56 /* Assets.xcassets in Resources */,
				A19312362AFA9A8C00E2CFB3 /* landmarkData.json in Resources */,
			);
			runOnlyForDeploymentPostprocessing = 0;
		};
/* End PBXResourcesBuildPhase section */

/* Begin PBXSourcesBuildPhase section */
		A17862F72AF93EA8001D5D56 /* Sources */ = {
			isa = PBXSourcesBuildPhase;
			buildActionMask = 2147483647;
			files = (
				A17863012AF93EA8001D5D56 /* ContentView.swift in Sources */,
				A19312342AFA8F6500E2CFB3 /* MapView.swift in Sources */,
				A17862FF2AF93EA8001D5D56 /* LandmarksApp.swift in Sources */,
				A1A8111A2AFBF7F1001812A4 /* FavoriteButton.swift in Sources */,
				A19312832AFABDD200E2CFB3 /* Landmark.swift in Sources */,
				A19312862AFABF8A00E2CFB3 /* LandmarkDetail.swift in Sources */,
				A19312792AFAB48E00E2CFB3 /* LandmarkList.swift in Sources */,
				A19312322AFA8E0B00E2CFB3 /* CircleImage.swift in Sources */,
				A19312752AFAB2BD00E2CFB3 /* LandmarkRow.swift in Sources */,
				A19312822AFABDD200E2CFB3 /* ModelData.swift in Sources */,
			);
			runOnlyForDeploymentPostprocessing = 0;
		};
/* End PBXSourcesBuildPhase section */

/* Begin XCBuildConfiguration section */
		A178631D2AF93EA9001D5D56 /* Debug */ = {
			isa = XCBuildConfiguration;
			buildSettings = {
				ALWAYS_SEARCH_USER_PATHS = NO;
				ASSETCATALOG_COMPILER_GENERATE_SWIFT_ASSET_SYMBOL_EXTENSIONS = YES;
				CLANG_ANALYZER_NONNULL = YES;
				CLANG_ANALYZER_NUMBER_OBJECT_CONVERSION = YES_AGGRESSIVE;
				CLANG_CXX_LANGUAGE_STANDARD = "gnu++20";
				CLANG_ENABLE_MODULES = YES;
				CLANG_ENABLE_OBJC_ARC = YES;
				CLANG_ENABLE_OBJC_WEAK = YES;
				CLANG_WARN_BLOCK_CAPTURE_AUTORELEASING = YES;
				CLANG_WARN_BOOL_CONVERSION = YES;
				CLANG_WARN_COMMA = YES;
				CLANG_WARN_CONSTANT_CONVERSION = YES;
				CLANG_WARN_DEPRECATED_OBJC_IMPLEMENTATIONS = YES;
				CLANG_WARN_DIRECT_OBJC_ISA_USAGE = YES_ERROR;
				CLANG_WARN_DOCUMENTATION_COMMENTS = YES;
				CLANG_WARN_EMPTY_BODY = YES;
				CLANG_WARN_ENUM_CONVERSION = YES;
				CLANG_WARN_INFINITE_RECURSION = YES;
				CLANG_WARN_INT_CONVERSION = YES;
				CLANG_WARN_NON_LITERAL_NULL_CONVERSION = YES;
				CLANG_WARN_OBJC_IMPLICIT_RETAIN_SELF = YES;
				CLANG_WARN_OBJC_LITERAL_CONVERSION = YES;
				CLANG_WARN_OBJC_ROOT_CLASS = YES_ERROR;
				CLANG_WARN_QUOTED_INCLUDE_IN_FRAMEWORK_HEADER = YES;
				CLANG_WARN_RANGE_LOOP_ANALYSIS = YES;
				CLANG_WARN_STRICT_PROTOTYPES = YES;
				CLANG_WARN_SUSPICIOUS_MOVE = YES;
				CLANG_WARN_UNGUARDED_AVAILABILITY = YES_AGGRESSIVE;
				CLANG_WARN_UNREACHABLE_CODE = YES;
				CLANG_WARN__DUPLICATE_METHOD_MATCH = YES;
				COPY_PHASE_STRIP = NO;
				DEBUG_INFORMATION_FORMAT = dwarf;
				ENABLE_STRICT_OBJC_MSGSEND = YES;
				ENABLE_TESTABILITY = YES;
				ENABLE_USER_SCRIPT_SANDBOXING = YES;
				GCC_C_LANGUAGE_STANDARD = gnu17;
				GCC_DYNAMIC_NO_PIC = NO;
				GCC_NO_COMMON_BLOCKS = YES;
				GCC_OPTIMIZATION_LEVEL = 0;
				GCC_PREPROCESSOR_DEFINITIONS = (
					"DEBUG=1",
					"$(inherited)",
				);
				GCC_WARN_64_TO_32_BIT_CONVERSION = YES;
				GCC_WARN_ABOUT_RETURN_TYPE = YES_ERROR;
				GCC_WARN_UNDECLARED_SELECTOR = YES;
				GCC_WARN_UNINITIALIZED_AUTOS = YES_AGGRESSIVE;
				GCC_WARN_UNUSED_FUNCTION = YES;
				GCC_WARN_UNUSED_VARIABLE = YES;
				IPHONEOS_DEPLOYMENT_TARGET = 17.0;
				LOCALIZATION_PREFERS_STRING_CATALOGS = YES;
				MTL_ENABLE_DEBUG_INFO = INCLUDE_SOURCE;
				MTL_FAST_MATH = YES;
				ONLY_ACTIVE_ARCH = YES;
				SDKROOT = iphoneos;
				SWIFT_ACTIVE_COMPILATION_CONDITIONS = "DEBUG $(inherited)";
				SWIFT_OPTIMIZATION_LEVEL = "-Onone";
			};
			name = Debug;
		};
		A178631E2AF93EA9001D5D56 /* Release */ = {
			isa = XCBuildConfiguration;
			buildSettings = {
				ALWAYS_SEARCH_USER_PATHS = NO;
				ASSETCATALOG_COMPILER_GENERATE_SWIFT_ASSET_SYMBOL_EXTENSIONS = YES;
				CLANG_ANALYZER_NONNULL = YES;
				CLANG_ANALYZER_NUMBER_OBJECT_CONVERSION = YES_AGGRESSIVE;
				CLANG_CXX_LANGUAGE_STANDARD = "gnu++20";
				CLANG_ENABLE_MODULES = YES;
				CLANG_ENABLE_OBJC_ARC = YES;
				CLANG_ENABLE_OBJC_WEAK = YES;
				CLANG_WARN_BLOCK_CAPTURE_AUTORELEASING = YES;
				CLANG_WARN_BOOL_CONVERSION = YES;
				CLANG_WARN_COMMA = YES;
				CLANG_WARN_CONSTANT_CONVERSION = YES;
				CLANG_WARN_DEPRECATED_OBJC_IMPLEMENTATIONS = YES;
				CLANG_WARN_DIRECT_OBJC_ISA_USAGE = YES_ERROR;
				CLANG_WARN_DOCUMENTATION_COMMENTS = YES;
				CLANG_WARN_EMPTY_BODY = YES;
				CLANG_WARN_ENUM_CONVERSION = YES;
				CLANG_WARN_INFINITE_RECURSION = YES;
				CLANG_WARN_INT_CONVERSION = YES;
				CLANG_WARN_NON_LITERAL_NULL_CONVERSION = YES;
				CLANG_WARN_OBJC_IMPLICIT_RETAIN_SELF = YES;
				CLANG_WARN_OBJC_LITERAL_CONVERSION = YES;
				CLANG_WARN_OBJC_ROOT_CLASS = YES_ERROR;
				CLANG_WARN_QUOTED_INCLUDE_IN_FRAMEWORK_HEADER = YES;
				CLANG_WARN_RANGE_LOOP_ANALYSIS = YES;
				CLANG_WARN_STRICT_PROTOTYPES = YES;
				CLANG_WARN_SUSPICIOUS_MOVE = YES;
				CLANG_WARN_UNGUARDED_AVAILABILITY = YES_AGGRESSIVE;
				CLANG_WARN_UNREACHABLE_CODE = YES;
				CLANG_WARN__DUPLICATE_METHOD_MATCH = YES;
				COPY_PHASE_STRIP = NO;
				DEBUG_INFORMATION_FORMAT = "dwarf-with-dsym";
				ENABLE_NS_ASSERTIONS = NO;
				ENABLE_STRICT_OBJC_MSGSEND = YES;
				ENABLE_USER_SCRIPT_SANDBOXING = YES;
				GCC_C_LANGUAGE_STANDARD = gnu17;
				GCC_NO_COMMON_BLOCKS = YES;
				GCC_WARN_64_TO_32_BIT_CONVERSION = YES;
				GCC_WARN_ABOUT_RETURN_TYPE = YES_ERROR;
				GCC_WARN_UNDECLARED_SELECTOR = YES;
				GCC_WARN_UNINITIALIZED_AUTOS = YES_AGGRESSIVE;
				GCC_WARN_UNUSED_FUNCTION = YES;
				GCC_WARN_UNUSED_VARIABLE = YES;
				IPHONEOS_DEPLOYMENT_TARGET = 17.0;
				LOCALIZATION_PREFERS_STRING_CATALOGS = YES;
				MTL_ENABLE_DEBUG_INFO = NO;
				MTL_FAST_MATH = YES;
				SDKROOT = iphoneos;
				SWIFT_COMPILATION_MODE = wholemodule;
				VALIDATE_PRODUCT = YES;
			};
			name = Release;
		};
		A17863202AF93EA9001D5D56 /* Debug */ = {
			isa = XCBuildConfiguration;
			buildSettings = {
				ASSETCATALOG_COMPILER_APPICON_NAME = AppIcon;
				ASSETCATALOG_COMPILER_GLOBAL_ACCENT_COLOR_NAME = AccentColor;
				CODE_SIGN_STYLE = Automatic;
				CURRENT_PROJECT_VERSION = 1;
				DEVELOPMENT_ASSET_PATHS = "\"Landmarks/Preview Content\"";
				DEVELOPMENT_TEAM = B584ZPWAB5;
				ENABLE_PREVIEWS = YES;
				GENERATE_INFOPLIST_FILE = YES;
				INFOPLIST_KEY_CFBundleDisplayName = "Major Landmarks";
				INFOPLIST_KEY_LSApplicationCategoryType = "public.app-category.travel";
				INFOPLIST_KEY_UIApplicationSceneManifest_Generation = YES;
				INFOPLIST_KEY_UIApplicationSupportsIndirectInputEvents = YES;
				INFOPLIST_KEY_UILaunchScreen_Generation = YES;
				INFOPLIST_KEY_UISupportedInterfaceOrientations_iPad = "UIInterfaceOrientationPortrait UIInterfaceOrientationPortraitUpsideDown UIInterfaceOrientationLandscapeLeft UIInterfaceOrientationLandscapeRight";
				INFOPLIST_KEY_UISupportedInterfaceOrientations_iPhone = "UIInterfaceOrientationPortrait UIInterfaceOrientationLandscapeLeft UIInterfaceOrientationLandscapeRight";
				LD_RUNPATH_SEARCH_PATHS = (
					"$(inherited)",
					"@executable_path/Frameworks",
				);
				MARKETING_VERSION = 1.0;
				PRODUCT_BUNDLE_IDENTIFIER = anzacosf.Landmarks;
				PRODUCT_NAME = "$(TARGET_NAME)";
				SWIFT_EMIT_LOC_STRINGS = YES;
				SWIFT_VERSION = 5.0;
				TARGETED_DEVICE_FAMILY = "1,2";
			};
			name = Debug;
		};
		A17863212AF93EA9001D5D56 /* Release */ = {
			isa = XCBuildConfiguration;
			buildSettings = {
				ASSETCATALOG_COMPILER_APPICON_NAME = AppIcon;
				ASSETCATALOG_COMPILER_GLOBAL_ACCENT_COLOR_NAME = AccentColor;
				CODE_SIGN_STYLE = Automatic;
				CURRENT_PROJECT_VERSION = 1;
				DEVELOPMENT_ASSET_PATHS = "\"Landmarks/Preview Content\"";
				DEVELOPMENT_TEAM = B584ZPWAB5;
				ENABLE_PREVIEWS = YES;
				GENERATE_INFOPLIST_FILE = YES;
				INFOPLIST_KEY_CFBundleDisplayName = "Major Landmarks";
				INFOPLIST_KEY_LSApplicationCategoryType = "public.app-category.travel";
				INFOPLIST_KEY_UIApplicationSceneManifest_Generation = YES;
				INFOPLIST_KEY_UIApplicationSupportsIndirectInputEvents = YES;
				INFOPLIST_KEY_UILaunchScreen_Generation = YES;
				INFOPLIST_KEY_UISupportedInterfaceOrientations_iPad = "UIInterfaceOrientationPortrait UIInterfaceOrientationPortraitUpsideDown UIInterfaceOrientationLandscapeLeft UIInterfaceOrientationLandscapeRight";
				INFOPLIST_KEY_UISupportedInterfaceOrientations_iPhone = "UIInterfaceOrientationPortrait UIInterfaceOrientationLandscapeLeft UIInterfaceOrientationLandscapeRight";
				LD_RUNPATH_SEARCH_PATHS = (
					"$(inherited)",
					"@executable_path/Frameworks",
				);
				MARKETING_VERSION = 1.0;
				PRODUCT_BUNDLE_IDENTIFIER = anzacosf.Landmarks;
				PRODUCT_NAME = "$(TARGET_NAME)";
				SWIFT_EMIT_LOC_STRINGS = YES;
				SWIFT_VERSION = 5.0;
				TARGETED_DEVICE_FAMILY = "1,2";
			};
			name = Release;
		};
/* End XCBuildConfiguration section */

/* Begin XCConfigurationList section */
		A17862F62AF93EA8001D5D56 /* Build configuration list for PBXProject "Landmarks" */ = {
			isa = XCConfigurationList;
			buildConfigurations = (
				A178631D2AF93EA9001D5D56 /* Debug */,
				A178631E2AF93EA9001D5D56 /* Release */,
			);
			defaultConfigurationIsVisible = 0;
			defaultConfigurationName = Release;
		};
		A178631F2AF93EA9001D5D56 /* Build configuration list for PBXNativeTarget "Landmarks" */ = {
			isa = XCConfigurationList;
			buildConfigurations = (
				A17863202AF93EA9001D5D56 /* Debug */,
				A17863212AF93EA9001D5D56 /* Release */,
			);
			defaultConfigurationIsVisible = 0;
			defaultConfigurationName = Release;
		};
/* End XCConfigurationList section */
	};
	rootObject = A17862F32AF93EA8001D5D56 /* Project object */;
}
